
Microsoft Visual Studio Solution File, Format Version 12.00
# Visual Studio Version 17
VisualStudioVersion = 17.3.32922.545
MinimumVisualStudioVersion = 10.0.40219.1
Project("{8BC9CEB8-8B4A-11D0-8D11-00A0C91BC942}") = "test_11.12.c", "test_11.12.c\test_11.12.c.vcxproj", "{C173FDB3-0DDC-4F09-85BA-D34A5E131CC1}"
EndProject
Global
	GlobalSection(SolutionConfigurationPlatforms) = preSolution
		Debug|x64 = Debug|x64
		Debug|x86 = Debug|x86
		Release|x64 = Release|x64
		Release|x86 = Release|x86
	EndGlobalSection
	GlobalSection(ProjectConfigurationPlatforms) = postSolution
		{C173FDB3-0DDC-4F09-85BA-D34A5E131CC1}.Debug|x64.ActiveCfg = Debug|x64
		{C173FDB3-0DDC-4F09-85BA-D34A5E131CC1}.Debug|x64.Build.0 = Debug|x64
		{C173FDB3-0DDC-4F09-85BA-D34A5E131CC1}.Debug|x86.ActiveCfg = Debug|Win32
		{C173FDB3-0DDC-4F09-85BA-D34A5E131CC1}.Debug|x86.Build.0 = Debug|Win32
		{C173FDB3-0DDC-4F09-85BA-D34A5E131CC1}.Release|x64.ActiveCfg = Release|x64
		{C173FDB3-0DDC-4F09-85BA-D34A5E131CC1}.Release|x64.Build.0 = Release|x64
		{C173FDB3-0DDC-4F09-85BA-D34A5E131CC1}.Release|x86.ActiveCfg = Release|Win32
		{C173FDB3-0DDC-4F09-85BA-D34A5E131CC1}.Release|x86.Build.0 = Release|Win32
	EndGlobalSection
	GlobalSection(SolutionProperties) = preSolution
		HideSolutionNode = FALSE
	EndGlobalSection
	GlobalSection(ExtensibilityGlobals) = postSolution
		SolutionGuid = {A46D5114-8486-489E-812E-4A6E9B78966B}
	EndGlobalSection
EndGlobal
