
Microsoft Visual Studio Solution File, Format Version 12.00
# Visual Studio Version 17
VisualStudioVersion = 17.4.33213.308
MinimumVisualStudioVersion = 10.0.40219.1
Project("{8BC9CEB8-8B4A-11D0-8D11-00A0C91BC942}") = "test_23.3.4", "test_23.3.4.vcxproj", "{B22886AC-4DB8-4E2C-9D92-6D4468D33A0C}"
EndProject
Global
	GlobalSection(SolutionConfigurationPlatforms) = preSolution
		Debug|x64 = Debug|x64
		Debug|x86 = Debug|x86
		Release|x64 = Release|x64
		Release|x86 = Release|x86
	EndGlobalSection
	GlobalSection(ProjectConfigurationPlatforms) = postSolution
		{B22886AC-4DB8-4E2C-9D92-6D4468D33A0C}.Debug|x64.ActiveCfg = Debug|x64
		{B22886AC-4DB8-4E2C-9D92-6D4468D33A0C}.Debug|x64.Build.0 = Debug|x64
		{B22886AC-4DB8-4E2C-9D92-6D4468D33A0C}.Debug|x86.ActiveCfg = Debug|Win32
		{B22886AC-4DB8-4E2C-9D92-6D4468D33A0C}.Debug|x86.Build.0 = Debug|Win32
		{B22886AC-4DB8-4E2C-9D92-6D4468D33A0C}.Release|x64.ActiveCfg = Release|x64
		{B22886AC-4DB8-4E2C-9D92-6D4468D33A0C}.Release|x64.Build.0 = Release|x64
		{B22886AC-4DB8-4E2C-9D92-6D4468D33A0C}.Release|x86.ActiveCfg = Release|Win32
		{B22886AC-4DB8-4E2C-9D92-6D4468D33A0C}.Release|x86.Build.0 = Release|Win32
	EndGlobalSection
	GlobalSection(SolutionProperties) = preSolution
		HideSolutionNode = FALSE
	EndGlobalSection
	GlobalSection(ExtensibilityGlobals) = postSolution
		SolutionGuid = {A4629BD4-A750-4804-A352-7B884545F9E2}
	EndGlobalSection
EndGlobal
