
Microsoft Visual Studio Solution File, Format Version 12.00
# Visual Studio Version 17
VisualStudioVersion = 17.4.33213.308
MinimumVisualStudioVersion = 10.0.40219.1
Project("{8BC9CEB8-8B4A-11D0-8D11-00A0C91BC942}") = "test_23.2.21", "test_23.2.21.vcxproj", "{EDDDE339-5FB6-4203-8FBE-101F4FB7932E}"
EndProject
Global
	GlobalSection(SolutionConfigurationPlatforms) = preSolution
		Debug|x64 = Debug|x64
		Debug|x86 = Debug|x86
		Release|x64 = Release|x64
		Release|x86 = Release|x86
	EndGlobalSection
	GlobalSection(ProjectConfigurationPlatforms) = postSolution
		{EDDDE339-5FB6-4203-8FBE-101F4FB7932E}.Debug|x64.ActiveCfg = Debug|x64
		{EDDDE339-5FB6-4203-8FBE-101F4FB7932E}.Debug|x64.Build.0 = Debug|x64
		{EDDDE339-5FB6-4203-8FBE-101F4FB7932E}.Debug|x86.ActiveCfg = Debug|Win32
		{EDDDE339-5FB6-4203-8FBE-101F4FB7932E}.Debug|x86.Build.0 = Debug|Win32
		{EDDDE339-5FB6-4203-8FBE-101F4FB7932E}.Release|x64.ActiveCfg = Release|x64
		{EDDDE339-5FB6-4203-8FBE-101F4FB7932E}.Release|x64.Build.0 = Release|x64
		{EDDDE339-5FB6-4203-8FBE-101F4FB7932E}.Release|x86.ActiveCfg = Release|Win32
		{EDDDE339-5FB6-4203-8FBE-101F4FB7932E}.Release|x86.Build.0 = Release|Win32
	EndGlobalSection
	GlobalSection(SolutionProperties) = preSolution
		HideSolutionNode = FALSE
	EndGlobalSection
	GlobalSection(ExtensibilityGlobals) = postSolution
		SolutionGuid = {32DA695F-6F40-40D6-B08D-69AB53F77DC2}
	EndGlobalSection
EndGlobal
