
Microsoft Visual Studio Solution File, Format Version 12.00
# Visual Studio Version 17
VisualStudioVersion = 17.4.33213.308
MinimumVisualStudioVersion = 10.0.40219.1
Project("{8BC9CEB8-8B4A-11D0-8D11-00A0C91BC942}") = "test_23.2.10", "test_23.2.10.vcxproj", "{EF6D781C-5F8D-44A8-9421-3D230C719D0E}"
EndProject
Global
	GlobalSection(SolutionConfigurationPlatforms) = preSolution
		Debug|x64 = Debug|x64
		Debug|x86 = Debug|x86
		Release|x64 = Release|x64
		Release|x86 = Release|x86
	EndGlobalSection
	GlobalSection(ProjectConfigurationPlatforms) = postSolution
		{EF6D781C-5F8D-44A8-9421-3D230C719D0E}.Debug|x64.ActiveCfg = Debug|x64
		{EF6D781C-5F8D-44A8-9421-3D230C719D0E}.Debug|x64.Build.0 = Debug|x64
		{EF6D781C-5F8D-44A8-9421-3D230C719D0E}.Debug|x86.ActiveCfg = Debug|Win32
		{EF6D781C-5F8D-44A8-9421-3D230C719D0E}.Debug|x86.Build.0 = Debug|Win32
		{EF6D781C-5F8D-44A8-9421-3D230C719D0E}.Release|x64.ActiveCfg = Release|x64
		{EF6D781C-5F8D-44A8-9421-3D230C719D0E}.Release|x64.Build.0 = Release|x64
		{EF6D781C-5F8D-44A8-9421-3D230C719D0E}.Release|x86.ActiveCfg = Release|Win32
		{EF6D781C-5F8D-44A8-9421-3D230C719D0E}.Release|x86.Build.0 = Release|Win32
	EndGlobalSection
	GlobalSection(SolutionProperties) = preSolution
		HideSolutionNode = FALSE
	EndGlobalSection
	GlobalSection(ExtensibilityGlobals) = postSolution
		SolutionGuid = {05F954D7-8875-45C9-A23D-6DB4DAF24096}
	EndGlobalSection
EndGlobal
