
Microsoft Visual Studio Solution File, Format Version 12.00
# Visual Studio Version 17
VisualStudioVersion = 17.4.33213.308
MinimumVisualStudioVersion = 10.0.40219.1
Project("{8BC9CEB8-8B4A-11D0-8D11-00A0C91BC942}") = "test_23.1.22", "test_23.1.22.vcxproj", "{0D1DB29E-7FA2-40DD-BD10-6553D58CE809}"
EndProject
Global
	GlobalSection(SolutionConfigurationPlatforms) = preSolution
		Debug|x64 = Debug|x64
		Debug|x86 = Debug|x86
		Release|x64 = Release|x64
		Release|x86 = Release|x86
	EndGlobalSection
	GlobalSection(ProjectConfigurationPlatforms) = postSolution
		{0D1DB29E-7FA2-40DD-BD10-6553D58CE809}.Debug|x64.ActiveCfg = Debug|x64
		{0D1DB29E-7FA2-40DD-BD10-6553D58CE809}.Debug|x64.Build.0 = Debug|x64
		{0D1DB29E-7FA2-40DD-BD10-6553D58CE809}.Debug|x86.ActiveCfg = Debug|Win32
		{0D1DB29E-7FA2-40DD-BD10-6553D58CE809}.Debug|x86.Build.0 = Debug|Win32
		{0D1DB29E-7FA2-40DD-BD10-6553D58CE809}.Release|x64.ActiveCfg = Release|x64
		{0D1DB29E-7FA2-40DD-BD10-6553D58CE809}.Release|x64.Build.0 = Release|x64
		{0D1DB29E-7FA2-40DD-BD10-6553D58CE809}.Release|x86.ActiveCfg = Release|Win32
		{0D1DB29E-7FA2-40DD-BD10-6553D58CE809}.Release|x86.Build.0 = Release|Win32
	EndGlobalSection
	GlobalSection(SolutionProperties) = preSolution
		HideSolutionNode = FALSE
	EndGlobalSection
	GlobalSection(ExtensibilityGlobals) = postSolution
		SolutionGuid = {262D0885-9548-405B-B126-13BB51ADE841}
	EndGlobalSection
EndGlobal
