
Microsoft Visual Studio Solution File, Format Version 12.00
# Visual Studio Version 17
VisualStudioVersion = 17.4.33213.308
MinimumVisualStudioVersion = 10.0.40219.1
Project("{8BC9CEB8-8B4A-11D0-8D11-00A0C91BC942}") = "test_23.1.26", "test_23.1.26.vcxproj", "{23D083E4-A444-45C7-B978-D4281C609616}"
EndProject
Global
	GlobalSection(SolutionConfigurationPlatforms) = preSolution
		Debug|x64 = Debug|x64
		Debug|x86 = Debug|x86
		Release|x64 = Release|x64
		Release|x86 = Release|x86
	EndGlobalSection
	GlobalSection(ProjectConfigurationPlatforms) = postSolution
		{23D083E4-A444-45C7-B978-D4281C609616}.Debug|x64.ActiveCfg = Debug|x64
		{23D083E4-A444-45C7-B978-D4281C609616}.Debug|x64.Build.0 = Debug|x64
		{23D083E4-A444-45C7-B978-D4281C609616}.Debug|x86.ActiveCfg = Debug|Win32
		{23D083E4-A444-45C7-B978-D4281C609616}.Debug|x86.Build.0 = Debug|Win32
		{23D083E4-A444-45C7-B978-D4281C609616}.Release|x64.ActiveCfg = Release|x64
		{23D083E4-A444-45C7-B978-D4281C609616}.Release|x64.Build.0 = Release|x64
		{23D083E4-A444-45C7-B978-D4281C609616}.Release|x86.ActiveCfg = Release|Win32
		{23D083E4-A444-45C7-B978-D4281C609616}.Release|x86.Build.0 = Release|Win32
	EndGlobalSection
	GlobalSection(SolutionProperties) = preSolution
		HideSolutionNode = FALSE
	EndGlobalSection
	GlobalSection(ExtensibilityGlobals) = postSolution
		SolutionGuid = {2A390CDB-2ACF-4F27-BC96-29CB0E8678EA}
	EndGlobalSection
EndGlobal
