
Microsoft Visual Studio Solution File, Format Version 12.00
# Visual Studio Version 17
VisualStudioVersion = 17.3.32922.545
MinimumVisualStudioVersion = 10.0.40219.1
Project("{8BC9CEB8-8B4A-11D0-8D11-00A0C91BC942}") = "test_11.29.c", "test_11.29.c\test_11.29.c.vcxproj", "{4E15E59D-139F-403E-AA81-C458CB7C61E7}"
EndProject
Global
	GlobalSection(SolutionConfigurationPlatforms) = preSolution
		Debug|x64 = Debug|x64
		Debug|x86 = Debug|x86
		Release|x64 = Release|x64
		Release|x86 = Release|x86
	EndGlobalSection
	GlobalSection(ProjectConfigurationPlatforms) = postSolution
		{4E15E59D-139F-403E-AA81-C458CB7C61E7}.Debug|x64.ActiveCfg = Debug|x64
		{4E15E59D-139F-403E-AA81-C458CB7C61E7}.Debug|x64.Build.0 = Debug|x64
		{4E15E59D-139F-403E-AA81-C458CB7C61E7}.Debug|x86.ActiveCfg = Debug|Win32
		{4E15E59D-139F-403E-AA81-C458CB7C61E7}.Debug|x86.Build.0 = Debug|Win32
		{4E15E59D-139F-403E-AA81-C458CB7C61E7}.Release|x64.ActiveCfg = Release|x64
		{4E15E59D-139F-403E-AA81-C458CB7C61E7}.Release|x64.Build.0 = Release|x64
		{4E15E59D-139F-403E-AA81-C458CB7C61E7}.Release|x86.ActiveCfg = Release|Win32
		{4E15E59D-139F-403E-AA81-C458CB7C61E7}.Release|x86.Build.0 = Release|Win32
	EndGlobalSection
	GlobalSection(SolutionProperties) = preSolution
		HideSolutionNode = FALSE
	EndGlobalSection
	GlobalSection(ExtensibilityGlobals) = postSolution
		SolutionGuid = {F5BB02B1-5CA6-4058-A234-20CAE5C9D38F}
	EndGlobalSection
EndGlobal
